
Microsoft Visual Studio Solution File, Format Version 12.00
# Visual Studio Version 16
VisualStudioVersion = 16.0.31911.196
MinimumVisualStudioVersion = 10.0.40219.1
Project("{FAE04EC0-301F-11D3-BF4B-00C04F79EFBC}") = "tamrin5", "tamrin5\tamrin5.csproj", "{94D677AC-D5C3-4EA3-99FE-462E53E65232}"
EndProject
Global
	GlobalSection(SolutionConfigurationPlatforms) = preSolution
		Debug|Any CPU = Debug|Any CPU
		Release|Any CPU = Release|Any CPU
	EndGlobalSection
	GlobalSection(ProjectConfigurationPlatforms) = postSolution
		{94D677AC-D5C3-4EA3-99FE-462E53E65232}.Debug|Any CPU.ActiveCfg = Debug|Any CPU
		{94D677AC-D5C3-4EA3-99FE-462E53E65232}.Debug|Any CPU.Build.0 = Debug|Any CPU
		{94D677AC-D5C3-4EA3-99FE-462E53E65232}.Release|Any CPU.ActiveCfg = Release|Any CPU
		{94D677AC-D5C3-4EA3-99FE-462E53E65232}.Release|Any CPU.Build.0 = Release|Any CPU
	EndGlobalSection
	GlobalSection(SolutionProperties) = preSolution
		HideSolutionNode = FALSE
	EndGlobalSection
	GlobalSection(ExtensibilityGlobals) = postSolution
		SolutionGuid = {9C6FBEF3-97E2-4ED1-BC10-C1BAF404D468}
	EndGlobalSection
EndGlobal
